{
  "name": "iwkit-tools",
  "lockfileVersion": 3,
  "requires": true,
  "packages": {
    "": {
      "name": "iwkit-tools",
      "dependencies": {
        "gltfpack": "1.3.0"
      }
    },
    "node_modules/gltfpack": {
      "version": "1.3.0",
      "resolved": "https://registry.npmjs.org/gltfpack/-/gltfpack-1.3.0.tgz",
      "integrity": "sha512-YGt2vPUa3OZuGh4IqbKdorwPyr9PcKKVRHtxOcfrHz3c83EFA6WOJVQMzRej6gPbCWcVnrZ8RDKduxaGclW/xQ==",
      "license": "MIT",
      "bin": {
        "gltfpack": "cli.js"
      },
      "engines": {
        "node": ">=18"
      }
    }
  }
}
